
Microsoft Visual Studio Solution File, Format Version 12.00
# Visual Studio Version 17
VisualStudioVersion = 17.14.36518.9 d17.14
MinimumVisualStudioVersion = 10.0.40219.1
Project("{FAE04EC0-301F-11D3-BF4B-00C04F79EFBC}") = "2025-09-26-P2", "2025-09-26-P2.csproj", "{04BD1E4A-CE45-4E49-8F2E-DDACE28A2E56}"
EndProject
Global
	GlobalSection(SolutionConfigurationPlatforms) = preSolution
		Debug|Any CPU = Debug|Any CPU
		Release|Any CPU = Release|Any CPU
	EndGlobalSection
	GlobalSection(ProjectConfigurationPlatforms) = postSolution
		{04BD1E4A-CE45-4E49-8F2E-DDACE28A2E56}.Debug|Any CPU.ActiveCfg = Debug|Any CPU
		{04BD1E4A-CE45-4E49-8F2E-DDACE28A2E56}.Debug|Any CPU.Build.0 = Debug|Any CPU
		{04BD1E4A-CE45-4E49-8F2E-DDACE28A2E56}.Release|Any CPU.ActiveCfg = Release|Any CPU
		{04BD1E4A-CE45-4E49-8F2E-DDACE28A2E56}.Release|Any CPU.Build.0 = Release|Any CPU
	EndGlobalSection
	GlobalSection(SolutionProperties) = preSolution
		HideSolutionNode = FALSE
	EndGlobalSection
	GlobalSection(ExtensibilityGlobals) = postSolution
		SolutionGuid = {A140E7A1-E9A6-4CBE-98F9-8FD28CE6995D}
	EndGlobalSection
EndGlobal
